{
  "requires": true,
  "lockfileVersion": 1,
  "dependencies": {
    "bower": {
      "version": "1.8.4",
      "resolved": "https://registry.npmjs.org/bower/-/bower-1.8.4.tgz",
      "integrity": "sha1-54dqB23rgTf30GUl3F6MZtuC8oo="
    },
    "chartist-plugin-accessibility": {
      "version": "0.0.5",
      "resolved": "https://registry.npmjs.org/chartist-plugin-accessibility/-/chartist-plugin-accessibility-0.0.5.tgz",
      "integrity": "sha512-TwY5UQqHjmvq3aj4L1+X4CP7cuuY71/efKWmkCnZMyR7aqIODnOfesfUfQWi1Txg5xRBL2uIoUZXxv44VQztiA=="
    },
    "chartist-plugin-axistitle": {
      "version": "0.0.4",
      "resolved": "https://registry.npmjs.org/chartist-plugin-axistitle/-/chartist-plugin-axistitle-0.0.4.tgz",
      "integrity": "sha512-yMZYXMfU0qibE0mt+8wXl44WdttjpcgTOAeCYlSdMwbLmlGaVLpPBl44fvMumaxuE34JGLNjWJ6twxoPUxITNg=="
    }
  }
}
